
Microsoft Visual Studio Solution File, Format Version 12.00
# Visual Studio Version 17
VisualStudioVersion = 17.10.35122.118
MinimumVisualStudioVersion = 10.0.40219.1
Project("{FAE04EC0-301F-11D3-BF4B-00C04F79EFBC}") = "QuizsApp", "QuizsApp\QuizsApp.csproj", "{8C12DDC7-0273-4F5D-98D8-7D69BA31876B}"
EndProject
Global
	GlobalSection(SolutionConfigurationPlatforms) = preSolution
		Debug|Any CPU = Debug|Any CPU
		Release|Any CPU = Release|Any CPU
	EndGlobalSection
	GlobalSection(ProjectConfigurationPlatforms) = postSolution
		{8C12DDC7-0273-4F5D-98D8-7D69BA31876B}.Debug|Any CPU.ActiveCfg = Debug|Any CPU
		{8C12DDC7-0273-4F5D-98D8-7D69BA31876B}.Debug|Any CPU.Build.0 = Debug|Any CPU
		{8C12DDC7-0273-4F5D-98D8-7D69BA31876B}.Release|Any CPU.ActiveCfg = Release|Any CPU
		{8C12DDC7-0273-4F5D-98D8-7D69BA31876B}.Release|Any CPU.Build.0 = Release|Any CPU
	EndGlobalSection
	GlobalSection(SolutionProperties) = preSolution
		HideSolutionNode = FALSE
	EndGlobalSection
	GlobalSection(ExtensibilityGlobals) = postSolution
		SolutionGuid = {BA9CF96B-ED7C-490F-8839-7A05CD0B0BD8}
	EndGlobalSection
EndGlobal
